// !$*UTF8*$!
{
	archiveVersion = 1;
	classes = {
	};
	objectVersion = 56;
	objects = {

/* Begin PBXBuildFile section */
		18B5EBC82C60AE6400651197 /* UserViewController.swift in Sources */ = {isa = PBXBuildFile; fileRef = 18B5EBC72C60AE6400651197 /* UserViewController.swift */; };
		18B5EBD42C60B3F800651197 /* CoreDataModel.xcdatamodeld in Sources */ = {isa = PBXBuildFile; fileRef = 18B5EBD22C60B3F800651197 /* CoreDataModel.xcdatamodeld */; };
		18B5EBD62C60B47800651197 /* UserModel.swift in Sources */ = {isa = PBXBuildFile; fileRef = 18B5EBD52C60B47800651197 /* UserModel.swift */; };
		18B5EBD82C60B6D800651197 /* DatabaseManager.swift in Sources */ = {isa = PBXBuildFile; fileRef = 18B5EBD72C60B6D800651197 /* DatabaseManager.swift */; };
		18B5EBDB2C60B7D400651197 /* UserCell.swift in Sources */ = {isa = PBXBuildFile; fileRef = 18B5EBD92C60B7D400651197 /* UserCell.swift */; };
		18B5EBDC2C60B7D400651197 /* UserCell.xib in Resources */ = {isa = PBXBuildFile; fileRef = 18B5EBDA2C60B7D400651197 /* UserCell.xib */; };
		18B5EBE02C60CE9B00651197 /* RegisterVC+Extension.swift in Sources */ = {isa = PBXBuildFile; fileRef = 18B5EBDF2C60CE9B00651197 /* RegisterVC+Extension.swift */; };
		18B5EBE22C60D86D00651197 /* Image+Extension.swift in Sources */ = {isa = PBXBuildFile; fileRef = 18B5EBE12C60D86D00651197 /* Image+Extension.swift */; };
		18BBFD152C10768D00EB4360 /* AppDelegate.swift in Sources */ = {isa = PBXBuildFile; fileRef = 18BBFD142C10768D00EB4360 /* AppDelegate.swift */; };
		18BBFD172C10768D00EB4360 /* SceneDelegate.swift in Sources */ = {isa = PBXBuildFile; fileRef = 18BBFD162C10768D00EB4360 /* SceneDelegate.swift */; };
		18BBFD192C10768D00EB4360 /* RegisterViewController.swift in Sources */ = {isa = PBXBuildFile; fileRef = 18BBFD182C10768D00EB4360 /* RegisterViewController.swift */; };
		18BBFD1C2C10768D00EB4360 /* Main.storyboard in Resources */ = {isa = PBXBuildFile; fileRef = 18BBFD1A2C10768D00EB4360 /* Main.storyboard */; };
		18BBFD1E2C10769000EB4360 /* Assets.xcassets in Resources */ = {isa = PBXBuildFile; fileRef = 18BBFD1D2C10769000EB4360 /* Assets.xcassets */; };
		18BBFD212C10769000EB4360 /* LaunchScreen.storyboard in Resources */ = {isa = PBXBuildFile; fileRef = 18BBFD1F2C10769000EB4360 /* LaunchScreen.storyboard */; };
		18E9E2392C12C74C00CF5C01 /* StringExtension.swift in Sources */ = {isa = PBXBuildFile; fileRef = 18E9E2382C12C74C00CF5C01 /* StringExtension.swift */; };
		18E9E23B2C12C7AF00CF5C01 /* UITextFieldExtension.swift in Sources */ = {isa = PBXBuildFile; fileRef = 18E9E23A2C12C7AF00CF5C01 /* UITextFieldExtension.swift */; };
		18E9E23D2C12CC7300CF5C01 /* PickerViewExtension.swift in Sources */ = {isa = PBXBuildFile; fileRef = 18E9E23C2C12CC7300CF5C01 /* PickerViewExtension.swift */; };
/* End PBXBuildFile section */

/* Begin PBXFileReference section */
		18B5EBC72C60AE6400651197 /* UserViewController.swift */ = {isa = PBXFileReference; lastKnownFileType = sourcecode.swift; path = UserViewController.swift; sourceTree = "<group>"; };
		18B5EBD32C60B3F800651197 /* CoreDataModel.xcdatamodel */ = {isa = PBXFileReference; lastKnownFileType = wrapper.xcdatamodel; path = CoreDataModel.xcdatamodel; sourceTree = "<group>"; };
		18B5EBD52C60B47800651197 /* UserModel.swift */ = {isa = PBXFileReference; lastKnownFileType = sourcecode.swift; path = UserModel.swift; sourceTree = "<group>"; };
		18B5EBD72C60B6D800651197 /* DatabaseManager.swift */ = {isa = PBXFileReference; lastKnownFileType = sourcecode.swift; path = DatabaseManager.swift; sourceTree = "<group>"; };
		18B5EBD92C60B7D400651197 /* UserCell.swift */ = {isa = PBXFileReference; lastKnownFileType = sourcecode.swift; path = UserCell.swift; sourceTree = "<group>"; };
		18B5EBDA2C60B7D400651197 /* UserCell.xib */ = {isa = PBXFileReference; lastKnownFileType = file.xib; path = UserCell.xib; sourceTree = "<group>"; };
		18B5EBDF2C60CE9B00651197 /* RegisterVC+Extension.swift */ = {isa = PBXFileReference; lastKnownFileType = sourcecode.swift; path = "RegisterVC+Extension.swift"; sourceTree = "<group>"; };
		18B5EBE12C60D86D00651197 /* Image+Extension.swift */ = {isa = PBXFileReference; lastKnownFileType = sourcecode.swift; path = "Image+Extension.swift"; sourceTree = "<group>"; };
		18BBFD112C10768D00EB4360 /* AssignmentRegister.app */ = {isa = PBXFileReference; explicitFileType = wrapper.application; includeInIndex = 0; path = AssignmentRegister.app; sourceTree = BUILT_PRODUCTS_DIR; };
		18BBFD142C10768D00EB4360 /* AppDelegate.swift */ = {isa = PBXFileReference; lastKnownFileType = sourcecode.swift; path = AppDelegate.swift; sourceTree = "<group>"; };
		18BBFD162C10768D00EB4360 /* SceneDelegate.swift */ = {isa = PBXFileReference; lastKnownFileType = sourcecode.swift; path = SceneDelegate.swift; sourceTree = "<group>"; };
		18BBFD182C10768D00EB4360 /* RegisterViewController.swift */ = {isa = PBXFileReference; lastKnownFileType = sourcecode.swift; path = RegisterViewController.swift; sourceTree = "<group>"; };
		18BBFD1B2C10768D00EB4360 /* Base */ = {isa = PBXFileReference; lastKnownFileType = file.storyboard; name = Base; path = Base.lproj/Main.storyboard; sourceTree = "<group>"; };
		18BBFD1D2C10769000EB4360 /* Assets.xcassets */ = {isa = PBXFileReference; lastKnownFileType = folder.assetcatalog; path = Assets.xcassets; sourceTree = "<group>"; };
		18BBFD202C10769000EB4360 /* Base */ = {isa = PBXFileReference; lastKnownFileType = file.storyboard; name = Base; path = Base.lproj/LaunchScreen.storyboard; sourceTree = "<group>"; };
		18BBFD222C10769000EB4360 /* Info.plist */ = {isa = PBXFileReference; lastKnownFileType = text.plist.xml; path = Info.plist; sourceTree = "<group>"; };
		18E9E2382C12C74C00CF5C01 /* StringExtension.swift */ = {isa = PBXFileReference; lastKnownFileType = sourcecode.swift; path = StringExtension.swift; sourceTree = "<group>"; };
		18E9E23A2C12C7AF00CF5C01 /* UITextFieldExtension.swift */ = {isa = PBXFileReference; lastKnownFileType = sourcecode.swift; path = UITextFieldExtension.swift; sourceTree = "<group>"; };
		18E9E23C2C12CC7300CF5C01 /* PickerViewExtension.swift */ = {isa = PBXFileReference; lastKnownFileType = sourcecode.swift; path = PickerViewExtension.swift; sourceTree = "<group>"; };
/* End PBXFileReference section */

/* Begin PBXFrameworksBuildPhase section */
		18BBFD0E2C10768D00EB4360 /* Frameworks */ = {
			isa = PBXFrameworksBuildPhase;
			buildActionMask = 2147483647;
			files = (
			);
			runOnlyForDeploymentPostprocessing = 0;
		};
/* End PBXFrameworksBuildPhase section */

/* Begin PBXGroup section */
		18B5EBC92C60B1AE00651197 /* Resources */ = {
			isa = PBXGroup;
			children = (
				18BBFD1D2C10769000EB4360 /* Assets.xcassets */,
			);
			path = Resources;
			sourceTree = "<group>";
		};
		18B5EBCA2C60B1B300651197 /* Storyboard */ = {
			isa = PBXGroup;
			children = (
				18BBFD1A2C10768D00EB4360 /* Main.storyboard */,
				18BBFD1F2C10769000EB4360 /* LaunchScreen.storyboard */,
			);
			path = Storyboard;
			sourceTree = "<group>";
		};
		18B5EBCB2C60B1B700651197 /* Database */ = {
			isa = PBXGroup;
			children = (
				18B5EBD22C60B3F800651197 /* CoreDataModel.xcdatamodeld */,
				18B5EBD72C60B6D800651197 /* DatabaseManager.swift */,
			);
			path = Database;
			sourceTree = "<group>";
		};
		18B5EBCC2C60B1CE00651197 /* Screens */ = {
			isa = PBXGroup;
			children = (
				18B5EBD12C60B23500651197 /* Controller */,
				18B5EBD02C60B23000651197 /* View */,
				18B5EBCF2C60B22700651197 /* Model */,
			);
			path = Screens;
			sourceTree = "<group>";
		};
		18B5EBCD2C60B1D200651197 /* Application */ = {
			isa = PBXGroup;
			children = (
				18BBFD142C10768D00EB4360 /* AppDelegate.swift */,
				18BBFD162C10768D00EB4360 /* SceneDelegate.swift */,
			);
			path = Application;
			sourceTree = "<group>";
		};
		18B5EBCE2C60B20100651197 /* Extensions */ = {
			isa = PBXGroup;
			children = (
				18E9E23A2C12C7AF00CF5C01 /* UITextFieldExtension.swift */,
				18E9E2382C12C74C00CF5C01 /* StringExtension.swift */,
				18E9E23C2C12CC7300CF5C01 /* PickerViewExtension.swift */,
				18B5EBE12C60D86D00651197 /* Image+Extension.swift */,
			);
			path = Extensions;
			sourceTree = "<group>";
		};
		18B5EBCF2C60B22700651197 /* Model */ = {
			isa = PBXGroup;
			children = (
				18B5EBD52C60B47800651197 /* UserModel.swift */,
			);
			path = Model;
			sourceTree = "<group>";
		};
		18B5EBD02C60B23000651197 /* View */ = {
			isa = PBXGroup;
			children = (
				18B5EBD92C60B7D400651197 /* UserCell.swift */,
				18B5EBDA2C60B7D400651197 /* UserCell.xib */,
			);
			path = View;
			sourceTree = "<group>";
		};
		18B5EBD12C60B23500651197 /* Controller */ = {
			isa = PBXGroup;
			children = (
				18BBFD182C10768D00EB4360 /* RegisterViewController.swift */,
				18B5EBC72C60AE6400651197 /* UserViewController.swift */,
				18B5EBDF2C60CE9B00651197 /* RegisterVC+Extension.swift */,
			);
			path = Controller;
			sourceTree = "<group>";
		};
		18BBFD082C10768D00EB4360 = {
			isa = PBXGroup;
			children = (
				18BBFD132C10768D00EB4360 /* AssignmentRegister */,
				18BBFD122C10768D00EB4360 /* Products */,
			);
			sourceTree = "<group>";
		};
		18BBFD122C10768D00EB4360 /* Products */ = {
			isa = PBXGroup;
			children = (
				18BBFD112C10768D00EB4360 /* AssignmentRegister.app */,
			);
			name = Products;
			sourceTree = "<group>";
		};
		18BBFD132C10768D00EB4360 /* AssignmentRegister */ = {
			isa = PBXGroup;
			children = (
				18B5EBCD2C60B1D200651197 /* Application */,
				18B5EBCC2C60B1CE00651197 /* Screens */,
				18B5EBCB2C60B1B700651197 /* Database */,
				18B5EBCA2C60B1B300651197 /* Storyboard */,
				18B5EBCE2C60B20100651197 /* Extensions */,
				18B5EBC92C60B1AE00651197 /* Resources */,
				18BBFD222C10769000EB4360 /* Info.plist */,
			);
			path = AssignmentRegister;
			sourceTree = "<group>";
		};
/* End PBXGroup section */

/* Begin PBXNativeTarget section */
		18BBFD102C10768D00EB4360 /* AssignmentRegister */ = {
			isa = PBXNativeTarget;
			buildConfigurationList = 18BBFD252C10769000EB4360 /* Build configuration list for PBXNativeTarget "AssignmentRegister" */;
			buildPhases = (
				18BBFD0D2C10768D00EB4360 /* Sources */,
				18BBFD0E2C10768D00EB4360 /* Frameworks */,
				18BBFD0F2C10768D00EB4360 /* Resources */,
			);
			buildRules = (
			);
			dependencies = (
			);
			name = AssignmentRegister;
			productName = AssignmentRegister;
			productReference = 18BBFD112C10768D00EB4360 /* AssignmentRegister.app */;
			productType = "com.apple.product-type.application";
		};
/* End PBXNativeTarget section */

/* Begin PBXProject section */
		18BBFD092C10768D00EB4360 /* Project object */ = {
			isa = PBXProject;
			attributes = {
				BuildIndependentTargetsInParallel = 1;
				LastSwiftUpdateCheck = 1410;
				LastUpgradeCheck = 1410;
				TargetAttributes = {
					18BBFD102C10768D00EB4360 = {
						CreatedOnToolsVersion = 14.1;
					};
				};
			};
			buildConfigurationList = 18BBFD0C2C10768D00EB4360 /* Build configuration list for PBXProject "AssignmentRegister" */;
			compatibilityVersion = "Xcode 14.0";
			developmentRegion = en;
			hasScannedForEncodings = 0;
			knownRegions = (
				en,
				Base,
			);
			mainGroup = 18BBFD082C10768D00EB4360;
			productRefGroup = 18BBFD122C10768D00EB4360 /* Products */;
			projectDirPath = "";
			projectRoot = "";
			targets = (
				18BBFD102C10768D00EB4360 /* AssignmentRegister */,
			);
		};
/* End PBXProject section */

/* Begin PBXResourcesBuildPhase section */
		18BBFD0F2C10768D00EB4360 /* Resources */ = {
			isa = PBXResourcesBuildPhase;
			buildActionMask = 2147483647;
			files = (
				18B5EBDC2C60B7D400651197 /* UserCell.xib in Resources */,
				18BBFD212C10769000EB4360 /* LaunchScreen.storyboard in Resources */,
				18BBFD1E2C10769000EB4360 /* Assets.xcassets in Resources */,
				18BBFD1C2C10768D00EB4360 /* Main.storyboard in Resources */,
			);
			runOnlyForDeploymentPostprocessing = 0;
		};
/* End PBXResourcesBuildPhase section */

/* Begin PBXSourcesBuildPhase section */
		18BBFD0D2C10768D00EB4360 /* Sources */ = {
			isa = PBXSourcesBuildPhase;
			buildActionMask = 2147483647;
			files = (
				18B5EBC82C60AE6400651197 /* UserViewController.swift in Sources */,
				18E9E23B2C12C7AF00CF5C01 /* UITextFieldExtension.swift in Sources */,
				18B5EBD82C60B6D800651197 /* DatabaseManager.swift in Sources */,
				18E9E2392C12C74C00CF5C01 /* StringExtension.swift in Sources */,
				18E9E23D2C12CC7300CF5C01 /* PickerViewExtension.swift in Sources */,
				18BBFD192C10768D00EB4360 /* RegisterViewController.swift in Sources */,
				18BBFD152C10768D00EB4360 /* AppDelegate.swift in Sources */,
				18B5EBE22C60D86D00651197 /* Image+Extension.swift in Sources */,
				18B5EBE02C60CE9B00651197 /* RegisterVC+Extension.swift in Sources */,
				18B5EBD42C60B3F800651197 /* CoreDataModel.xcdatamodeld in Sources */,
				18B5EBD62C60B47800651197 /* UserModel.swift in Sources */,
				18B5EBDB2C60B7D400651197 /* UserCell.swift in Sources */,
				18BBFD172C10768D00EB4360 /* SceneDelegate.swift in Sources */,
			);
			runOnlyForDeploymentPostprocessing = 0;
		};
/* End PBXSourcesBuildPhase section */

/* Begin PBXVariantGroup section */
		18BBFD1A2C10768D00EB4360 /* Main.storyboard */ = {
			isa = PBXVariantGroup;
			children = (
				18BBFD1B2C10768D00EB4360 /* Base */,
			);
			name = Main.storyboard;
			sourceTree = "<group>";
		};
		18BBFD1F2C10769000EB4360 /* LaunchScreen.storyboard */ = {
			isa = PBXVariantGroup;
			children = (
				18BBFD202C10769000EB4360 /* Base */,
			);
			name = LaunchScreen.storyboard;
			sourceTree = "<group>";
		};
/* End PBXVariantGroup section */

/* Begin XCBuildConfiguration section */
		18BBFD232C10769000EB4360 /* Debug */ = {
			isa = XCBuildConfiguration;
			buildSettings = {
				ALWAYS_SEARCH_USER_PATHS = NO;
				CLANG_ANALYZER_NONNULL = YES;
				CLANG_ANALYZER_NUMBER_OBJECT_CONVERSION = YES_AGGRESSIVE;
				CLANG_CXX_LANGUAGE_STANDARD = "gnu++20";
				CLANG_ENABLE_MODULES = YES;
				CLANG_ENABLE_OBJC_ARC = YES;
				CLANG_ENABLE_OBJC_WEAK = YES;
				CLANG_WARN_BLOCK_CAPTURE_AUTORELEASING = YES;
				CLANG_WARN_BOOL_CONVERSION = YES;
				CLANG_WARN_COMMA = YES;
				CLANG_WARN_CONSTANT_CONVERSION = YES;
				CLANG_WARN_DEPRECATED_OBJC_IMPLEMENTATIONS = YES;
				CLANG_WARN_DIRECT_OBJC_ISA_USAGE = YES_ERROR;
				CLANG_WARN_DOCUMENTATION_COMMENTS = YES;
				CLANG_WARN_EMPTY_BODY = YES;
				CLANG_WARN_ENUM_CONVERSION = YES;
				CLANG_WARN_INFINITE_RECURSION = YES;
				CLANG_WARN_INT_CONVERSION = YES;
				CLANG_WARN_NON_LITERAL_NULL_CONVERSION = YES;
				CLANG_WARN_OBJC_IMPLICIT_RETAIN_SELF = YES;
				CLANG_WARN_OBJC_LITERAL_CONVERSION = YES;
				CLANG_WARN_OBJC_ROOT_CLASS = YES_ERROR;
				CLANG_WARN_QUOTED_INCLUDE_IN_FRAMEWORK_HEADER = YES;
				CLANG_WARN_RANGE_LOOP_ANALYSIS = YES;
				CLANG_WARN_STRICT_PROTOTYPES = YES;
				CLANG_WARN_SUSPICIOUS_MOVE = YES;
				CLANG_WARN_UNGUARDED_AVAILABILITY = YES_AGGRESSIVE;
				CLANG_WARN_UNREACHABLE_CODE = YES;
				CLANG_WARN__DUPLICATE_METHOD_MATCH = YES;
				COPY_PHASE_STRIP = NO;
				DEBUG_INFORMATION_FORMAT = dwarf;
				ENABLE_STRICT_OBJC_MSGSEND = YES;
				ENABLE_TESTABILITY = YES;
				GCC_C_LANGUAGE_STANDARD = gnu11;
				GCC_DYNAMIC_NO_PIC = NO;
				GCC_NO_COMMON_BLOCKS = YES;
				GCC_OPTIMIZATION_LEVEL = 0;
				GCC_PREPROCESSOR_DEFINITIONS = (
					"DEBUG=1",
					"$(inherited)",
				);
				GCC_WARN_64_TO_32_BIT_CONVERSION = YES;
				GCC_WARN_ABOUT_RETURN_TYPE = YES_ERROR;
				GCC_WARN_UNDECLARED_SELECTOR = YES;
				GCC_WARN_UNINITIALIZED_AUTOS = YES_AGGRESSIVE;
				GCC_WARN_UNUSED_FUNCTION = YES;
				GCC_WARN_UNUSED_VARIABLE = YES;
				IPHONEOS_DEPLOYMENT_TARGET = 16.1;
				MTL_ENABLE_DEBUG_INFO = INCLUDE_SOURCE;
				MTL_FAST_MATH = YES;
				ONLY_ACTIVE_ARCH = YES;
				SDKROOT = iphoneos;
				SWIFT_ACTIVE_COMPILATION_CONDITIONS = DEBUG;
				SWIFT_OPTIMIZATION_LEVEL = "-Onone";
			};
			name = Debug;
		};
		18BBFD242C10769000EB4360 /* Release */ = {
			isa = XCBuildConfiguration;
			buildSettings = {
				ALWAYS_SEARCH_USER_PATHS = NO;
				CLANG_ANALYZER_NONNULL = YES;
				CLANG_ANALYZER_NUMBER_OBJECT_CONVERSION = YES_AGGRESSIVE;
				CLANG_CXX_LANGUAGE_STANDARD = "gnu++20";
				CLANG_ENABLE_MODULES = YES;
				CLANG_ENABLE_OBJC_ARC = YES;
				CLANG_ENABLE_OBJC_WEAK = YES;
				CLANG_WARN_BLOCK_CAPTURE_AUTORELEASING = YES;
				CLANG_WARN_BOOL_CONVERSION = YES;
				CLANG_WARN_COMMA = YES;
				CLANG_WARN_CONSTANT_CONVERSION = YES;
				CLANG_WARN_DEPRECATED_OBJC_IMPLEMENTATIONS = YES;
				CLANG_WARN_DIRECT_OBJC_ISA_USAGE = YES_ERROR;
				CLANG_WARN_DOCUMENTATION_COMMENTS = YES;
				CLANG_WARN_EMPTY_BODY = YES;
				CLANG_WARN_ENUM_CONVERSION = YES;
				CLANG_WARN_INFINITE_RECURSION = YES;
				CLANG_WARN_INT_CONVERSION = YES;
				CLANG_WARN_NON_LITERAL_NULL_CONVERSION = YES;
				CLANG_WARN_OBJC_IMPLICIT_RETAIN_SELF = YES;
				CLANG_WARN_OBJC_LITERAL_CONVERSION = YES;
				CLANG_WARN_OBJC_ROOT_CLASS = YES_ERROR;
				CLANG_WARN_QUOTED_INCLUDE_IN_FRAMEWORK_HEADER = YES;
				CLANG_WARN_RANGE_LOOP_ANALYSIS = YES;
				CLANG_WARN_STRICT_PROTOTYPES = YES;
				CLANG_WARN_SUSPICIOUS_MOVE = YES;
				CLANG_WARN_UNGUARDED_AVAILABILITY = YES_AGGRESSIVE;
				CLANG_WARN_UNREACHABLE_CODE = YES;
				CLANG_WARN__DUPLICATE_METHOD_MATCH = YES;
				COPY_PHASE_STRIP = NO;
				DEBUG_INFORMATION_FORMAT = "dwarf-with-dsym";
				ENABLE_NS_ASSERTIONS = NO;
				ENABLE_STRICT_OBJC_MSGSEND = YES;
				GCC_C_LANGUAGE_STANDARD = gnu11;
				GCC_NO_COMMON_BLOCKS = YES;
				GCC_WARN_64_TO_32_BIT_CONVERSION = YES;
				GCC_WARN_ABOUT_RETURN_TYPE = YES_ERROR;
				GCC_WARN_UNDECLARED_SELECTOR = YES;
				GCC_WARN_UNINITIALIZED_AUTOS = YES_AGGRESSIVE;
				GCC_WARN_UNUSED_FUNCTION = YES;
				GCC_WARN_UNUSED_VARIABLE = YES;
				IPHONEOS_DEPLOYMENT_TARGET = 16.1;
				MTL_ENABLE_DEBUG_INFO = NO;
				MTL_FAST_MATH = YES;
				SDKROOT = iphoneos;
				SWIFT_COMPILATION_MODE = wholemodule;
				SWIFT_OPTIMIZATION_LEVEL = "-O";
				VALIDATE_PRODUCT = YES;
			};
			name = Release;
		};
		18BBFD262C10769000EB4360 /* Debug */ = {
			isa = XCBuildConfiguration;
			buildSettings = {
				ASSETCATALOG_COMPILER_APPICON_NAME = AppIcon;
				ASSETCATALOG_COMPILER_GLOBAL_ACCENT_COLOR_NAME = AccentColor;
				CODE_SIGN_STYLE = Automatic;
				CURRENT_PROJECT_VERSION = 1;
				GENERATE_INFOPLIST_FILE = YES;
				INFOPLIST_FILE = AssignmentRegister/Info.plist;
				INFOPLIST_KEY_UIApplicationSupportsIndirectInputEvents = YES;
				INFOPLIST_KEY_UILaunchStoryboardName = LaunchScreen;
				INFOPLIST_KEY_UIMainStoryboardFile = Main;
				INFOPLIST_KEY_UISupportedInterfaceOrientations_iPad = "UIInterfaceOrientationPortrait UIInterfaceOrientationPortraitUpsideDown UIInterfaceOrientationLandscapeLeft UIInterfaceOrientationLandscapeRight";
				INFOPLIST_KEY_UISupportedInterfaceOrientations_iPhone = "UIInterfaceOrientationPortrait UIInterfaceOrientationLandscapeLeft UIInterfaceOrientationLandscapeRight";
				LD_RUNPATH_SEARCH_PATHS = (
					"$(inherited)",
					"@executable_path/Frameworks",
				);
				MARKETING_VERSION = 1.0;
				PRODUCT_BUNDLE_IDENTIFIER = com.neosoft.AssignmentRegister;
				PRODUCT_NAME = "$(TARGET_NAME)";
				SWIFT_EMIT_LOC_STRINGS = YES;
				SWIFT_VERSION = 5.0;
				TARGETED_DEVICE_FAMILY = "1,2";
			};
			name = Debug;
		};
		18BBFD272C10769000EB4360 /* Release */ = {
			isa = XCBuildConfiguration;
			buildSettings = {
				ASSETCATALOG_COMPILER_APPICON_NAME = AppIcon;
				ASSETCATALOG_COMPILER_GLOBAL_ACCENT_COLOR_NAME = AccentColor;
				CODE_SIGN_STYLE = Automatic;
				CURRENT_PROJECT_VERSION = 1;
				GENERATE_INFOPLIST_FILE = YES;
				INFOPLIST_FILE = AssignmentRegister/Info.plist;
				INFOPLIST_KEY_UIApplicationSupportsIndirectInputEvents = YES;
				INFOPLIST_KEY_UILaunchStoryboardName = LaunchScreen;
				INFOPLIST_KEY_UIMainStoryboardFile = Main;
				INFOPLIST_KEY_UISupportedInterfaceOrientations_iPad = "UIInterfaceOrientationPortrait UIInterfaceOrientationPortraitUpsideDown UIInterfaceOrientationLandscapeLeft UIInterfaceOrientationLandscapeRight";
				INFOPLIST_KEY_UISupportedInterfaceOrientations_iPhone = "UIInterfaceOrientationPortrait UIInterfaceOrientationLandscapeLeft UIInterfaceOrientationLandscapeRight";
				LD_RUNPATH_SEARCH_PATHS = (
					"$(inherited)",
					"@executable_path/Frameworks",
				);
				MARKETING_VERSION = 1.0;
				PRODUCT_BUNDLE_IDENTIFIER = com.neosoft.AssignmentRegister;
				PRODUCT_NAME = "$(TARGET_NAME)";
				SWIFT_EMIT_LOC_STRINGS = YES;
				SWIFT_VERSION = 5.0;
				TARGETED_DEVICE_FAMILY = "1,2";
			};
			name = Release;
		};
/* End XCBuildConfiguration section */

/* Begin XCConfigurationList section */
		18BBFD0C2C10768D00EB4360 /* Build configuration list for PBXProject "AssignmentRegister" */ = {
			isa = XCConfigurationList;
			buildConfigurations = (
				18BBFD232C10769000EB4360 /* Debug */,
				18BBFD242C10769000EB4360 /* Release */,
			);
			defaultConfigurationIsVisible = 0;
			defaultConfigurationName = Release;
		};
		18BBFD252C10769000EB4360 /* Build configuration list for PBXNativeTarget "AssignmentRegister" */ = {
			isa = XCConfigurationList;
			buildConfigurations = (
				18BBFD262C10769000EB4360 /* Debug */,
				18BBFD272C10769000EB4360 /* Release */,
			);
			defaultConfigurationIsVisible = 0;
			defaultConfigurationName = Release;
		};
/* End XCConfigurationList section */

/* Begin XCVersionGroup section */
		18B5EBD22C60B3F800651197 /* CoreDataModel.xcdatamodeld */ = {
			isa = XCVersionGroup;
			children = (
				18B5EBD32C60B3F800651197 /* CoreDataModel.xcdatamodel */,
			);
			currentVersion = 18B5EBD32C60B3F800651197 /* CoreDataModel.xcdatamodel */;
			path = CoreDataModel.xcdatamodeld;
			sourceTree = "<group>";
			versionGroupType = wrapper.xcdatamodel;
		};
/* End XCVersionGroup section */
	};
	rootObject = 18BBFD092C10768D00EB4360 /* Project object */;
}
